
Microsoft Visual Studio Solution File, Format Version 12.00
# Visual Studio Version 17
VisualStudioVersion = 17.7.34202.233
MinimumVisualStudioVersion = 10.0.40219.1
Project("{FAE04EC0-301F-11D3-BF4B-00C04F79EFBC}") = "NZWalks.API", "NZWalks.API\NZWalks.API.csproj", "{D3D9CDC5-7947-4A8A-85C6-ED6EBE0C87C2}"
EndProject
Global
	GlobalSection(SolutionConfigurationPlatforms) = preSolution
		Debug|Any CPU = Debug|Any CPU
		Release|Any CPU = Release|Any CPU
	EndGlobalSection
	GlobalSection(ProjectConfigurationPlatforms) = postSolution
		{D3D9CDC5-7947-4A8A-85C6-ED6EBE0C87C2}.Debug|Any CPU.ActiveCfg = Debug|Any CPU
		{D3D9CDC5-7947-4A8A-85C6-ED6EBE0C87C2}.Debug|Any CPU.Build.0 = Debug|Any CPU
		{D3D9CDC5-7947-4A8A-85C6-ED6EBE0C87C2}.Release|Any CPU.ActiveCfg = Release|Any CPU
		{D3D9CDC5-7947-4A8A-85C6-ED6EBE0C87C2}.Release|Any CPU.Build.0 = Release|Any CPU
	EndGlobalSection
	GlobalSection(SolutionProperties) = preSolution
		HideSolutionNode = FALSE
	EndGlobalSection
	GlobalSection(ExtensibilityGlobals) = postSolution
		SolutionGuid = {2ECE7A3A-6F46-480B-8351-EFA28D1F70BE}
	EndGlobalSection
EndGlobal
